
Microsoft Visual Studio Solution File, Format Version 12.00
# Visual Studio Version 16
VisualStudioVersion = 16.0.30804.86
MinimumVisualStudioVersion = 10.0.40219.1
Project("{FAE04EC0-301F-11D3-BF4B-00C04F79EFBC}") = "TravelManager", "TravelManager\TravelManager.csproj", "{C8B373EC-09C2-41DF-A77A-48953315C648}"
EndProject
Global
	GlobalSection(SolutionConfigurationPlatforms) = preSolution
		Debug|Any CPU = Debug|Any CPU
		Release|Any CPU = Release|Any CPU
	EndGlobalSection
	GlobalSection(ProjectConfigurationPlatforms) = postSolution
		{C8B373EC-09C2-41DF-A77A-48953315C648}.Debug|Any CPU.ActiveCfg = Debug|Any CPU
		{C8B373EC-09C2-41DF-A77A-48953315C648}.Debug|Any CPU.Build.0 = Debug|Any CPU
		{C8B373EC-09C2-41DF-A77A-48953315C648}.Release|Any CPU.ActiveCfg = Release|Any CPU
		{C8B373EC-09C2-41DF-A77A-48953315C648}.Release|Any CPU.Build.0 = Release|Any CPU
	EndGlobalSection
	GlobalSection(SolutionProperties) = preSolution
		HideSolutionNode = FALSE
	EndGlobalSection
	GlobalSection(ExtensibilityGlobals) = postSolution
		SolutionGuid = {8E5F97AB-BEA5-481E-B45B-CC580ACC839B}
	EndGlobalSection
EndGlobal
